{
  "name": "drpc",
  "version": "1.0.0",
  "lockfileVersion": 1,
  "requires": true,
  "dependencies": {
    "arpeecee": {
      "version": "2.1.1",
      "resolved": "https://registry.npmjs.org/arpeecee/-/arpeecee-2.1.1.tgz",
      "integrity": "sha512-FA+P6no8f5dNpiANB4fcf2SNUSbILLfvy8L9gWDppMIzwDFDe2eWSmVzb9UrlautaxpkEr4Og5H7jFWtUd9x8g==",
      "dev": true,
      "requires": {
        "streamx": "2.10.2",
        "varint": "5.0.2"
      }
    },
    "drpc-runtime": {
      "version": "1.0.0",
      "resolved": "https://registry.npmjs.org/drpc-runtime/-/drpc-runtime-1.0.0.tgz",
      "integrity": "sha512-MRIDJ/pmJLWGLA5R9NvfQ2TGltivAA9c4p7gXiZD6wfKXxuxJQskHE0l1touJY0ZS/g/55hmLJT+Z1vxOOaHYQ==",
      "dev": true,
      "requires": {
        "arpeecee": "2.1.1",
        "protocol-buffers-encodings": "1.1.1"
      }
    },
    "fast-fifo": {
      "version": "1.0.0",
      "resolved": "https://registry.npmjs.org/fast-fifo/-/fast-fifo-1.0.0.tgz",
      "integrity": "sha512-4VEXmjxLj7sbs8J//cn2qhRap50dGzF5n8fjay8mau+Jn4hxSeR3xPFwxMaQq/pDaq7+KQk0PAbC2+nWDkJrmQ==",
      "dev": true
    },
    "generate-function": {
      "version": "2.3.1",
      "resolved": "https://registry.npmjs.org/generate-function/-/generate-function-2.3.1.tgz",
      "integrity": "sha512-eeB5GfMNeevm/GRYq20ShmsaGcmI81kIX2K9XQx5miC8KdHaC6Jm0qQ8ZNeGOi7wYB8OsdxKs+Y2oVuTFuVwKQ==",
      "requires": {
        "is-property": "1.0.2"
      }
    },
    "generate-object-property": {
      "version": "1.2.0",
      "resolved": "https://registry.npmjs.org/generate-object-property/-/generate-object-property-1.2.0.tgz",
      "integrity": "sha1-nA4cQDCM6AT0eDYYuTf6iPmdUNA=",
      "requires": {
        "is-property": "1.0.2"
      }
    },
    "is-property": {
      "version": "1.0.2",
      "resolved": "https://registry.npmjs.org/is-property/-/is-property-1.0.2.tgz",
      "integrity": "sha1-V/4cTkhHTt1lsJkR8msc1Ald2oQ="
    },
    "minimist": {
      "version": "1.2.5",
      "resolved": "https://registry.npmjs.org/minimist/-/minimist-1.2.5.tgz",
      "integrity": "sha512-FM9nNUYrRBAELZQT3xeZQ7fmMOBg6nWNmJKTcgsJeaLstP/UODVpGsr5OhXhhXg6f+qtJ8uiZ+PUxkDWcgIXLw=="
    },
    "protocol-buffers": {
      "version": "4.2.0",
      "resolved": "https://registry.npmjs.org/protocol-buffers/-/protocol-buffers-4.2.0.tgz",
      "integrity": "sha512-hNp56d5uuREVde7UqP+dmBkwzxrhJwYU5nL/mdivyFfkRZdgAgojkyBeU3jKo7ZHrjdSx6Q1CwUmYJI6INt20g==",
      "requires": {
        "generate-function": "2.3.1",
        "generate-object-property": "1.2.0",
        "protocol-buffers-encodings": "1.1.1",
        "protocol-buffers-schema": "3.5.1",
        "signed-varint": "2.0.1",
        "varint": "5.0.2"
      }
    },
    "protocol-buffers-encodings": {
      "version": "1.1.1",
      "resolved": "https://registry.npmjs.org/protocol-buffers-encodings/-/protocol-buffers-encodings-1.1.1.tgz",
      "integrity": "sha512-5aFshI9SbhtcMiDiZZu3g2tMlZeS5lhni//AGJ7V34PQLU5JA91Cva7TIs6inZhYikS3OpnUzAUuL6YtS0CyDA==",
      "requires": {
        "signed-varint": "2.0.1",
        "varint": "5.0.0"
      },
      "dependencies": {
        "varint": {
          "version": "5.0.0",
          "resolved": "https://registry.npmjs.org/varint/-/varint-5.0.0.tgz",
          "integrity": "sha1-2Ca4n3SQcy+rwMDtaT7Uddyynr8="
        }
      }
    },
    "protocol-buffers-schema": {
      "version": "3.5.1",
      "resolved": "https://registry.npmjs.org/protocol-buffers-schema/-/protocol-buffers-schema-3.5.1.tgz",
      "integrity": "sha512-YVCvdhxWNDP8/nJDyXLuM+UFsuPk4+1PB7WGPVDzm3HTHbzFLxQYeW2iZpS4mmnXrQJGBzt230t/BbEb7PrQaw=="
    },
    "signed-varint": {
      "version": "2.0.1",
      "resolved": "https://registry.npmjs.org/signed-varint/-/signed-varint-2.0.1.tgz",
      "integrity": "sha1-UKmYnafJjCxh2tEZvJdHDvhSgSk=",
      "requires": {
        "varint": "5.0.2"
      }
    },
    "streamx": {
      "version": "2.10.2",
      "resolved": "https://registry.npmjs.org/streamx/-/streamx-2.10.2.tgz",
      "integrity": "sha512-+HETj2wSTg4DLSp6f6UjYnxP0K8skeN8dEie/tbDR2cTX6bj9HNa0g9iSZY/jXowG629al0cq/3zLNlFUKSh7g==",
      "dev": true,
      "requires": {
        "fast-fifo": "1.0.0"
      }
    },
    "varint": {
      "version": "5.0.2",
      "resolved": "https://registry.npmjs.org/varint/-/varint-5.0.2.tgz",
      "integrity": "sha512-lKxKYG6H03yCZUpAGOPOsMcGxd1RHCu1iKvEHYDPmTyq2HueGhD73ssNBqqQWfvYs04G9iUFRvmAVLW20Jw6ow=="
    }
  }
}
